
Microsoft Visual Studio Solution File, Format Version 12.00
# Visual Studio Version 17
VisualStudioVersion = 17.6.33801.468
MinimumVisualStudioVersion = 10.0.40219.1
Project("{FAE04EC0-301F-11D3-BF4B-00C04F79EFBC}") = "EmployeePortal", "EmployeePortal.csproj", "{EC69AB93-265B-4E75-875F-BDF3C438EEAD}"
EndProject
Global
	GlobalSection(SolutionConfigurationPlatforms) = preSolution
		Debug|Any CPU = Debug|Any CPU
		Release|Any CPU = Release|Any CPU
	EndGlobalSection
	GlobalSection(ProjectConfigurationPlatforms) = postSolution
		{EC69AB93-265B-4E75-875F-BDF3C438EEAD}.Debug|Any CPU.ActiveCfg = Debug|Any CPU
		{EC69AB93-265B-4E75-875F-BDF3C438EEAD}.Debug|Any CPU.Build.0 = Debug|Any CPU
		{EC69AB93-265B-4E75-875F-BDF3C438EEAD}.Release|Any CPU.ActiveCfg = Release|Any CPU
		{EC69AB93-265B-4E75-875F-BDF3C438EEAD}.Release|Any CPU.Build.0 = Release|Any CPU
	EndGlobalSection
	GlobalSection(SolutionProperties) = preSolution
		HideSolutionNode = FALSE
	EndGlobalSection
	GlobalSection(ExtensibilityGlobals) = postSolution
		SolutionGuid = {7C02461E-B28C-4C41-A92D-AB80FE01D2CA}
	EndGlobalSection
EndGlobal
